{
  "name": "Sherllo's Hexo Blog",
  "version": "0.0.1",
  "lockfileVersion": 1,
  "requires": true,
  "dependencies": {
    "fsevents": {
      "version": "2.1.2",
      "resolved": "https://registry.npm.taobao.org/fsevents/download/fsevents-2.1.2.tgz?cache=0&sync_timestamp=1576322865545&other_urls=https%3A%2F%2Fregistry.npm.taobao.org%2Ffsevents%2Fdownload%2Ffsevents-2.1.2.tgz",
      "integrity": "sha1-TAofs0vGjlQ7S4Kp7Dkr+9qECAU=",
      "optional": true
    },
    "hexo-deployer-git": {
      "version": "2.1.0",
      "resolved": "https://registry.npm.taobao.org/hexo-deployer-git/download/hexo-deployer-git-2.1.0.tgz?cache=0&sync_timestamp=1573983785561&other_urls=https%3A%2F%2Fregistry.npm.taobao.org%2Fhexo-deployer-git%2Fdownload%2Fhexo-deployer-git-2.1.0.tgz",
      "integrity": "sha1-LnLwXXsxjb4pkp0VbqE/kTI1T/E=",
      "requires": {
        "bluebird": "3.7.2",
        "chalk": "3.0.0",
        "hexo-fs": "2.0.0",
        "hexo-util": "1.7.0",
        "moment": "2.24.0",
        "swig-templates": "2.0.3"
      },
      "dependencies": {
        "@types/color-name": {
          "version": "1.1.1",
          "resolved": "https://registry.npm.taobao.org/@types/color-name/download/@types/color-name-1.1.1.tgz?cache=0&sync_timestamp=1572460951965&other_urls=https%3A%2F%2Fregistry.npm.taobao.org%2F%40types%2Fcolor-name%2Fdownload%2F%40types%2Fcolor-name-1.1.1.tgz",
          "integrity": "sha1-HBJhu+qhCoBVu8XYq4S3sq/IRqA="
        },
        "align-text": {
          "version": "0.1.4",
          "resolved": "https://registry.npm.taobao.org/align-text/download/align-text-0.1.4.tgz",
          "integrity": "sha1-DNkKVhCT810KmSVsIrcGlDP60Rc=",
          "requires": {
            "kind-of": "3.2.2",
            "longest": "1.0.1",
            "repeat-string": "1.6.1"
          }
        },
        "ansi-styles": {
          "version": "4.2.0",
          "resolved": "https://registry.npm.taobao.org/ansi-styles/download/ansi-styles-4.2.0.tgz?cache=0&sync_timestamp=1573557628456&other_urls=https%3A%2F%2Fregistry.npm.taobao.org%2Fansi-styles%2Fdownload%2Fansi-styles-4.2.0.tgz",
          "integrity": "sha1-VoHw3PeuWICnhB2IMcRyTtnMAXI=",
          "requires": {
            "@types/color-name": "1.1.1",
            "color-convert": "2.0.1"
          }
        },
        "anymatch": {
          "version": "3.1.1",
          "resolved": "https://registry.npm.taobao.org/anymatch/download/anymatch-3.1.1.tgz",
          "integrity": "sha1-xV7PAhheJGklk5kxDBc84xIzsUI=",
          "requires": {
            "normalize-path": "3.0.0",
            "picomatch": "2.1.1"
          }
        },
        "async": {
          "version": "0.2.10",
          "resolved": "https://registry.npm.taobao.org/async/download/async-0.2.10.tgz?cache=0&other_urls=https%3A%2F%2Fregistry.npm.taobao.org%2Fasync%2Fdownload%2Fasync-0.2.10.tgz",
          "integrity": "sha1-trvgsGdLnXGXCMo43owjfLUmw9E="
        },
        "binary-extensions": {
          "version": "2.0.0",
          "resolved": "https://registry.npm.taobao.org/binary-extensions/download/binary-extensions-2.0.0.tgz",
          "integrity": "sha1-I8DfFPaogHf1+YbA0WfsA8PVU3w="
        },
        "bluebird": {
          "version": "3.7.2",
          "resolved": "https://registry.npm.taobao.org/bluebird/download/bluebird-3.7.2.tgz",
          "integrity": "sha1-nyKcFb4nJFT/qXOs4NvueaGww28="
        },
        "braces": {
          "version": "3.0.2",
          "resolved": "https://registry.npm.taobao.org/braces/download/braces-3.0.2.tgz",
          "integrity": "sha1-NFThpGLujVmeI23zNs2epPiv4Qc=",
          "requires": {
            "fill-range": "7.0.1"
          }
        },
        "camel-case": {
          "version": "4.1.0",
          "resolved": "https://registry.npm.taobao.org/camel-case/download/camel-case-4.1.0.tgz?cache=0&other_urls=https%3A%2F%2Fregistry.npm.taobao.org%2Fcamel-case%2Fdownload%2Fcamel-case-4.1.0.tgz",
          "integrity": "sha1-vfzqUTTrjcko4Twe6E/VY1umXiU=",
          "requires": {
            "pascal-case": "3.1.0",
            "tslib": "1.10.0"
          }
        },
        "camelcase": {
          "version": "1.2.1",
          "resolved": "https://registry.npm.taobao.org/camelcase/download/camelcase-1.2.1.tgz",
          "integrity": "sha1-m7UwTS4LVmmLLHWLCKPqqdqlijk="
        },
        "center-align": {
          "version": "0.1.3",
          "resolved": "https://registry.npm.taobao.org/center-align/download/center-align-0.1.3.tgz",
          "integrity": "sha1-qg0yYptu6XIgBBHL1EYckHvCt60=",
          "requires": {
            "align-text": "0.1.4",
            "lazy-cache": "1.0.4"
          }
        },
        "chalk": {
          "version": "3.0.0",
          "resolved": "https://registry.npm.taobao.org/chalk/download/chalk-3.0.0.tgz?cache=0&sync_timestamp=1573282918610&other_urls=https%3A%2F%2Fregistry.npm.taobao.org%2Fchalk%2Fdownload%2Fchalk-3.0.0.tgz",
          "integrity": "sha1-P3PCv1JlkfV0zEksUeJFY0n4ROQ=",
          "requires": {
            "ansi-styles": "4.2.0",
            "supports-color": "7.1.0"
          }
        },
        "chokidar": {
          "version": "3.3.1",
          "resolved": "https://registry.npm.taobao.org/chokidar/download/chokidar-3.3.1.tgz",
          "integrity": "sha1-yE5bPRjZpNd1WP70ZrG/FrvrNFA=",
          "requires": {
            "anymatch": "3.1.1",
            "braces": "3.0.2",
            "fsevents": "2.1.2",
            "glob-parent": "5.1.0",
            "is-binary-path": "2.1.0",
            "is-glob": "4.0.1",
            "normalize-path": "3.0.0",
            "readdirp": "3.3.0"
          }
        },
        "cliui": {
          "version": "2.1.0",
          "resolved": "https://registry.npm.taobao.org/cliui/download/cliui-2.1.0.tgz?cache=0&sync_timestamp=1573943292170&other_urls=https%3A%2F%2Fregistry.npm.taobao.org%2Fcliui%2Fdownload%2Fcliui-2.1.0.tgz",
          "integrity": "sha1-S0dXYP+AJkx2LDoXGQMukcf+oNE=",
          "requires": {
            "center-align": "0.1.3",
            "right-align": "0.1.3",
            "wordwrap": "0.0.2"
          },
          "dependencies": {
            "wordwrap": {
              "version": "0.0.2",
              "resolved": "https://registry.npm.taobao.org/wordwrap/download/wordwrap-0.0.2.tgz",
              "integrity": "sha1-t5Zpu0LstAn4PVg8rVLKF+qhZD8="
            }
          }
        },
        "color-convert": {
          "version": "2.0.1",
          "resolved": "https://registry.npm.taobao.org/color-convert/download/color-convert-2.0.1.tgz?cache=0&sync_timestamp=1566248870121&other_urls=https%3A%2F%2Fregistry.npm.taobao.org%2Fcolor-convert%2Fdownload%2Fcolor-convert-2.0.1.tgz",
          "integrity": "sha1-ctOmjVmMm9s68q0ehPIdiWq9TeM=",
          "requires": {
            "color-name": "1.1.4"
          }
        },
        "color-name": {
          "version": "1.1.4",
          "resolved": "https://registry.npm.taobao.org/color-name/download/color-name-1.1.4.tgz",
          "integrity": "sha1-wqCah6y95pVD3m9j+jmVyCbFNqI="
        },
        "commander": {
          "version": "2.20.3",
          "resolved": "https://registry.npm.taobao.org/commander/download/commander-2.20.3.tgz?cache=0&sync_timestamp=1573464028535&other_urls=https%3A%2F%2Fregistry.npm.taobao.org%2Fcommander%2Fdownload%2Fcommander-2.20.3.tgz",
          "integrity": "sha1-/UhehMA+tIgcIHIrpIA16FMa6zM=",
          "optional": true
        },
        "cross-spawn": {
          "version": "7.0.1",
          "resolved": "https://registry.npm.taobao.org/cross-spawn/download/cross-spawn-7.0.1.tgz",
          "integrity": "sha1-CrVihuD3wk4VPQTMKqAn5DqaXRQ=",
          "requires": {
            "path-key": "3.1.1",
            "shebang-command": "2.0.0",
            "which": "2.0.2"
          }
        },
        "decamelize": {
          "version": "1.2.0",
          "resolved": "https://registry.npm.taobao.org/decamelize/download/decamelize-1.2.0.tgz?cache=0&other_urls=https%3A%2F%2Fregistry.npm.taobao.org%2Fdecamelize%2Fdownload%2Fdecamelize-1.2.0.tgz",
          "integrity": "sha1-9lNNFRSCabIDUue+4m9QH5oZEpA="
        },
        "deepmerge": {
          "version": "4.2.2",
          "resolved": "https://registry.npm.taobao.org/deepmerge/download/deepmerge-4.2.2.tgz?cache=0&sync_timestamp=1572279720382&other_urls=https%3A%2F%2Fregistry.npm.taobao.org%2Fdeepmerge%2Fdownload%2Fdeepmerge-4.2.2.tgz",
          "integrity": "sha1-RNLqNnm49NT/ujPwPYZfwee/SVU="
        },
        "escape-string-regexp": {
          "version": "2.0.0",
          "resolved": "https://registry.npm.taobao.org/escape-string-regexp/download/escape-string-regexp-2.0.0.tgz",
          "integrity": "sha1-owME6Z2qMuI7L9IPUbq9B8/8o0Q="
        },
        "fill-range": {
          "version": "7.0.1",
          "resolved": "https://registry.npm.taobao.org/fill-range/download/fill-range-7.0.1.tgz",
          "integrity": "sha1-GRmmp8df44ssfHflGYU12prN2kA=",
          "requires": {
            "to-regex-range": "5.0.1"
          }
        },
        "glob-parent": {
          "version": "5.1.0",
          "resolved": "https://registry.npm.taobao.org/glob-parent/download/glob-parent-5.1.0.tgz?cache=0&sync_timestamp=1569108917227&other_urls=https%3A%2F%2Fregistry.npm.taobao.org%2Fglob-parent%2Fdownload%2Fglob-parent-5.1.0.tgz",
          "integrity": "sha1-X0wdHnSNMM1zrSlEs1d6gbCB6MI=",
          "requires": {
            "is-glob": "4.0.1"
          }
        },
        "graceful-fs": {
          "version": "4.2.3",
          "resolved": "https://registry.npm.taobao.org/graceful-fs/download/graceful-fs-4.2.3.tgz",
          "integrity": "sha1-ShL/G2A3bvCYYsIJPt2Qgyi+hCM="
        },
        "handlebars": {
          "version": "4.5.3",
          "resolved": "https://registry.npm.taobao.org/handlebars/download/handlebars-4.5.3.tgz",
          "integrity": "sha1-XPdb2HFPdgVxNRGla+fDSb7LBII=",
          "requires": {
            "neo-async": "2.6.1",
            "optimist": "0.6.1",
            "source-map": "0.6.1",
            "uglify-js": "3.7.2"
          }
        },
        "has-flag": {
          "version": "4.0.0",
          "resolved": "https://registry.npm.taobao.org/has-flag/download/has-flag-4.0.0.tgz",
          "integrity": "sha1-lEdx/ZyByBJlxNaUGGDaBrtZR5s="
        },
        "hexo-fs": {
          "version": "2.0.0",
          "resolved": "https://registry.npm.taobao.org/hexo-fs/download/hexo-fs-2.0.0.tgz",
          "integrity": "sha1-C8QhvAyXWoWiUGGsqVN/tZKS0nk=",
          "requires": {
            "bluebird": "3.7.2",
            "chokidar": "3.3.1",
            "escape-string-regexp": "2.0.0",
            "graceful-fs": "4.2.3"
          }
        },
        "hexo-util": {
          "version": "1.7.0",
          "resolved": "https://registry.npm.taobao.org/hexo-util/download/hexo-util-1.7.0.tgz",
          "integrity": "sha1-KGlAQTOZu6dJ9A1Gl2DPqfhUTUQ=",
          "requires": {
            "bluebird": "3.7.2",
            "camel-case": "4.1.0",
            "cross-spawn": "7.0.1",
            "deepmerge": "4.2.2",
            "highlight.js": "9.17.1",
            "punycode.js": "2.1.0",
            "striptags": "3.1.1"
          }
        },
        "highlight.js": {
          "version": "9.17.1",
          "resolved": "https://registry.npm.taobao.org/highlight.js/download/highlight.js-9.17.1.tgz?cache=0&sync_timestamp=1576163806990&other_urls=https%3A%2F%2Fregistry.npm.taobao.org%2Fhighlight.js%2Fdownload%2Fhighlight.js-9.17.1.tgz",
          "integrity": "sha1-FKTt7SP9MUsFiGdYu5BuOd1if5o=",
          "requires": {
            "handlebars": "4.5.3"
          }
        },
        "is-binary-path": {
          "version": "2.1.0",
          "resolved": "https://registry.npm.taobao.org/is-binary-path/download/is-binary-path-2.1.0.tgz",
          "integrity": "sha1-6h9/O4DwZCNug0cPhsCcJU+0Wwk=",
          "requires": {
            "binary-extensions": "2.0.0"
          }
        },
        "is-buffer": {
          "version": "1.1.6",
          "resolved": "https://registry.npm.taobao.org/is-buffer/download/is-buffer-1.1.6.tgz",
          "integrity": "sha1-76ouqdqg16suoTqXsritUf776L4="
        },
        "is-extglob": {
          "version": "2.1.1",
          "resolved": "https://registry.npm.taobao.org/is-extglob/download/is-extglob-2.1.1.tgz",
          "integrity": "sha1-qIwCU1eR8C7TfHahueqXc8gz+MI="
        },
        "is-glob": {
          "version": "4.0.1",
          "resolved": "https://registry.npm.taobao.org/is-glob/download/is-glob-4.0.1.tgz",
          "integrity": "sha1-dWfb6fL14kZ7x3q4PEopSCQHpdw=",
          "requires": {
            "is-extglob": "2.1.1"
          }
        },
        "is-number": {
          "version": "7.0.0",
          "resolved": "https://registry.npm.taobao.org/is-number/download/is-number-7.0.0.tgz",
          "integrity": "sha1-dTU0W4lnNNX4DE0GxQlVUnoU8Ss="
        },
        "isexe": {
          "version": "2.0.0",
          "resolved": "https://registry.npm.taobao.org/isexe/download/isexe-2.0.0.tgz",
          "integrity": "sha1-6PvzdNxVb/iUehDcsFctYz8s+hA="
        },
        "kind-of": {
          "version": "3.2.2",
          "resolved": "https://registry.npm.taobao.org/kind-of/download/kind-of-3.2.2.tgz",
          "integrity": "sha1-MeohpzS6ubuw8yRm2JOupR5KPGQ=",
          "requires": {
            "is-buffer": "1.1.6"
          }
        },
        "lazy-cache": {
          "version": "1.0.4",
          "resolved": "https://registry.npm.taobao.org/lazy-cache/download/lazy-cache-1.0.4.tgz",
          "integrity": "sha1-odePw6UEdMuAhF07O24dpJpEbo4="
        },
        "longest": {
          "version": "1.0.1",
          "resolved": "https://registry.npm.taobao.org/longest/download/longest-1.0.1.tgz",
          "integrity": "sha1-MKCy2jj3N3DoKUoNIuZiXtd9AJc="
        },
        "lower-case": {
          "version": "2.0.1",
          "resolved": "https://registry.npm.taobao.org/lower-case/download/lower-case-2.0.1.tgz?cache=0&other_urls=https%3A%2F%2Fregistry.npm.taobao.org%2Flower-case%2Fdownload%2Flower-case-2.0.1.tgz",
          "integrity": "sha1-Oe6zbjlhFcwF4pQi6uqeaSyUCMc=",
          "requires": {
            "tslib": "1.10.0"
          }
        },
        "minimist": {
          "version": "0.0.10",
          "resolved": "https://registry.npm.taobao.org/minimist/download/minimist-0.0.10.tgz",
          "integrity": "sha1-3j+YVD2/lggr5IrRoMfNqDYwHc8="
        },
        "moment": {
          "version": "2.24.0",
          "resolved": "https://registry.npm.taobao.org/moment/download/moment-2.24.0.tgz",
          "integrity": "sha1-DQVdU/UFKqZTyfbraLtdEr9cK1s="
        },
        "neo-async": {
          "version": "2.6.1",
          "resolved": "https://registry.npm.taobao.org/neo-async/download/neo-async-2.6.1.tgz?cache=0&other_urls=https%3A%2F%2Fregistry.npm.taobao.org%2Fneo-async%2Fdownload%2Fneo-async-2.6.1.tgz",
          "integrity": "sha1-rCetpmFn+ohJpq3dg39rGJrSCBw="
        },
        "no-case": {
          "version": "3.0.2",
          "resolved": "https://registry.npm.taobao.org/no-case/download/no-case-3.0.2.tgz?cache=0&other_urls=https%3A%2F%2Fregistry.npm.taobao.org%2Fno-case%2Fdownload%2Fno-case-3.0.2.tgz",
          "integrity": "sha1-KwOShRAxhZGFTAQj5QTROyEjQmM=",
          "requires": {
            "lower-case": "2.0.1",
            "tslib": "1.10.0"
          }
        },
        "normalize-path": {
          "version": "3.0.0",
          "resolved": "https://registry.npm.taobao.org/normalize-path/download/normalize-path-3.0.0.tgz",
          "integrity": "sha1-Dc1p/yOhybEf0JeDFmRKA4ghamU="
        },
        "optimist": {
          "version": "0.6.1",
          "resolved": "https://registry.npm.taobao.org/optimist/download/optimist-0.6.1.tgz",
          "integrity": "sha1-2j6nRob6IaGaERwybpDrFaAZZoY=",
          "requires": {
            "minimist": "0.0.10",
            "wordwrap": "0.0.3"
          }
        },
        "pascal-case": {
          "version": "3.1.0",
          "resolved": "https://registry.npm.taobao.org/pascal-case/download/pascal-case-3.1.0.tgz?cache=0&sync_timestamp=1575601566105&other_urls=https%3A%2F%2Fregistry.npm.taobao.org%2Fpascal-case%2Fdownload%2Fpascal-case-3.1.0.tgz",
          "integrity": "sha1-s8wSc6lXzrDDfAKdJYDtWfWF5N8=",
          "requires": {
            "no-case": "3.0.2",
            "tslib": "1.10.0"
          }
        },
        "path-key": {
          "version": "3.1.1",
          "resolved": "https://registry.npm.taobao.org/path-key/download/path-key-3.1.1.tgz",
          "integrity": "sha1-WB9q3mWMu6ZaDTOA3ndTKVBU83U="
        },
        "picomatch": {
          "version": "2.1.1",
          "resolved": "https://registry.npm.taobao.org/picomatch/download/picomatch-2.1.1.tgz",
          "integrity": "sha1-7N++p3BK21/m+0f5hmxMDhXpBcU="
        },
        "punycode.js": {
          "version": "2.1.0",
          "resolved": "https://registry.npm.taobao.org/punycode.js/download/punycode.js-2.1.0.tgz",
          "integrity": "sha1-85N/epFBUsLcF+nCgKLPhqJrfNo="
        },
        "readdirp": {
          "version": "3.3.0",
          "resolved": "https://registry.npm.taobao.org/readdirp/download/readdirp-3.3.0.tgz?cache=0&sync_timestamp=1575629866543&other_urls=https%3A%2F%2Fregistry.npm.taobao.org%2Freaddirp%2Fdownload%2Freaddirp-3.3.0.tgz",
          "integrity": "sha1-mERY0ToeQuLp9YQbEp4WLzaa/xc=",
          "requires": {
            "picomatch": "2.1.1"
          }
        },
        "repeat-string": {
          "version": "1.6.1",
          "resolved": "https://registry.npm.taobao.org/repeat-string/download/repeat-string-1.6.1.tgz",
          "integrity": "sha1-jcrkcOHIirwtYA//Sndihtp15jc="
        },
        "right-align": {
          "version": "0.1.3",
          "resolved": "https://registry.npm.taobao.org/right-align/download/right-align-0.1.3.tgz",
          "integrity": "sha1-YTObci/mo1FWiSENJOFMlhSGE+8=",
          "requires": {
            "align-text": "0.1.4"
          }
        },
        "shebang-command": {
          "version": "2.0.0",
          "resolved": "https://registry.npm.taobao.org/shebang-command/download/shebang-command-2.0.0.tgz",
          "integrity": "sha1-zNCvT4g1+9wmW4JGGq8MNmY/NOo=",
          "requires": {
            "shebang-regex": "3.0.0"
          }
        },
        "shebang-regex": {
          "version": "3.0.0",
          "resolved": "https://registry.npm.taobao.org/shebang-regex/download/shebang-regex-3.0.0.tgz",
          "integrity": "sha1-rhbxZE2HPsrYQ7AwexQzYtTEIXI="
        },
        "source-map": {
          "version": "0.6.1",
          "resolved": "https://registry.npm.taobao.org/source-map/download/source-map-0.6.1.tgz",
          "integrity": "sha1-dHIq8y6WFOnCh6jQu95IteLxomM="
        },
        "striptags": {
          "version": "3.1.1",
          "resolved": "https://registry.npm.taobao.org/striptags/download/striptags-3.1.1.tgz",
          "integrity": "sha1-yMPn/db7S7OjKjt1LltePjgJPr0="
        },
        "supports-color": {
          "version": "7.1.0",
          "resolved": "https://registry.npm.taobao.org/supports-color/download/supports-color-7.1.0.tgz?cache=0&other_urls=https%3A%2F%2Fregistry.npm.taobao.org%2Fsupports-color%2Fdownload%2Fsupports-color-7.1.0.tgz",
          "integrity": "sha1-aOMlkd9z4lrRxLSRCKLsUHliv9E=",
          "requires": {
            "has-flag": "4.0.0"
          }
        },
        "swig-templates": {
          "version": "2.0.3",
          "resolved": "https://registry.npm.taobao.org/swig-templates/download/swig-templates-2.0.3.tgz",
          "integrity": "sha1-a0xDtGIXXfKo2oV6IEM3nsbqb9A=",
          "requires": {
            "optimist": "0.6.1",
            "uglify-js": "2.6.0"
          },
          "dependencies": {
            "source-map": {
              "version": "0.5.7",
              "resolved": "https://registry.npm.taobao.org/source-map/download/source-map-0.5.7.tgz",
              "integrity": "sha1-igOdLRAh0i0eoUyA2OpGi6LvP8w="
            },
            "uglify-js": {
              "version": "2.6.0",
              "resolved": "https://registry.npm.taobao.org/uglify-js/download/uglify-js-2.6.0.tgz?cache=0&sync_timestamp=1575828721812&other_urls=https%3A%2F%2Fregistry.npm.taobao.org%2Fuglify-js%2Fdownload%2Fuglify-js-2.6.0.tgz",
              "integrity": "sha1-JeqhzDVQ45QQzu+v0c+7a20V8AE=",
              "requires": {
                "async": "0.2.10",
                "source-map": "0.5.7",
                "uglify-to-browserify": "1.0.2",
                "yargs": "3.10.0"
              }
            }
          }
        },
        "to-regex-range": {
          "version": "5.0.1",
          "resolved": "https://registry.npm.taobao.org/to-regex-range/download/to-regex-range-5.0.1.tgz",
          "integrity": "sha1-FkjESq58jZiKMmAY7XL1tN0DkuQ=",
          "requires": {
            "is-number": "7.0.0"
          }
        },
        "tslib": {
          "version": "1.10.0",
          "resolved": "https://registry.npm.taobao.org/tslib/download/tslib-1.10.0.tgz",
          "integrity": "sha1-w8GflZc/sKYpc/sJ2Q2WHuQ+XIo="
        },
        "uglify-js": {
          "version": "3.7.2",
          "resolved": "https://registry.npm.taobao.org/uglify-js/download/uglify-js-3.7.2.tgz?cache=0&sync_timestamp=1575828721812&other_urls=https%3A%2F%2Fregistry.npm.taobao.org%2Fuglify-js%2Fdownload%2Fuglify-js-3.7.2.tgz",
          "integrity": "sha1-yxpgHmdTbp7QlKkt0eMzRZZD0/k=",
          "optional": true,
          "requires": {
            "commander": "2.20.3",
            "source-map": "0.6.1"
          }
        },
        "uglify-to-browserify": {
          "version": "1.0.2",
          "resolved": "https://registry.npm.taobao.org/uglify-to-browserify/download/uglify-to-browserify-1.0.2.tgz",
          "integrity": "sha1-bgkk1r2mta/jSeOabWMoUKD4grc="
        },
        "which": {
          "version": "2.0.2",
          "resolved": "https://registry.npm.taobao.org/which/download/which-2.0.2.tgz?cache=0&sync_timestamp=1574116720213&other_urls=https%3A%2F%2Fregistry.npm.taobao.org%2Fwhich%2Fdownload%2Fwhich-2.0.2.tgz",
          "integrity": "sha1-fGqN0KY2oDJ+ELWckobu6T8/UbE=",
          "requires": {
            "isexe": "2.0.0"
          }
        },
        "window-size": {
          "version": "0.1.0",
          "resolved": "https://registry.npm.taobao.org/window-size/download/window-size-0.1.0.tgz?cache=0&other_urls=https%3A%2F%2Fregistry.npm.taobao.org%2Fwindow-size%2Fdownload%2Fwindow-size-0.1.0.tgz",
          "integrity": "sha1-VDjNLqk7IC76Ohn+iIeu58lPnJ0="
        },
        "wordwrap": {
          "version": "0.0.3",
          "resolved": "https://registry.npm.taobao.org/wordwrap/download/wordwrap-0.0.3.tgz",
          "integrity": "sha1-o9XabNXAvAAI03I0u68b7WMFkQc="
        },
        "yargs": {
          "version": "3.10.0",
          "resolved": "https://registry.npm.taobao.org/yargs/download/yargs-3.10.0.tgz",
          "integrity": "sha1-9+572FfdfB0tOMDnTvvWgdFDH9E=",
          "requires": {
            "camelcase": "1.2.1",
            "cliui": "2.1.0",
            "decamelize": "1.2.0",
            "window-size": "0.1.0"
          }
        }
      }
    }
  }
}
